
Microsoft Visual Studio Solution File, Format Version 12.00
# Visual Studio Version 17
VisualStudioVersion = 17.4.33213.308
MinimumVisualStudioVersion = 10.0.40219.1
Project("{FAE04EC0-301F-11D3-BF4B-00C04F79EFBC}") = "L01P02_2020VV601_2021CG602", "L01P02_2020VV601_2021CG602\L01P02_2020VV601_2021CG602.csproj", "{6CB2FFB7-B34D-459B-B6D7-0B6F6BF45E62}"
EndProject
Global
	GlobalSection(SolutionConfigurationPlatforms) = preSolution
		Debug|Any CPU = Debug|Any CPU
		Release|Any CPU = Release|Any CPU
	EndGlobalSection
	GlobalSection(ProjectConfigurationPlatforms) = postSolution
		{6CB2FFB7-B34D-459B-B6D7-0B6F6BF45E62}.Debug|Any CPU.ActiveCfg = Debug|Any CPU
		{6CB2FFB7-B34D-459B-B6D7-0B6F6BF45E62}.Debug|Any CPU.Build.0 = Debug|Any CPU
		{6CB2FFB7-B34D-459B-B6D7-0B6F6BF45E62}.Release|Any CPU.ActiveCfg = Release|Any CPU
		{6CB2FFB7-B34D-459B-B6D7-0B6F6BF45E62}.Release|Any CPU.Build.0 = Release|Any CPU
	EndGlobalSection
	GlobalSection(SolutionProperties) = preSolution
		HideSolutionNode = FALSE
	EndGlobalSection
	GlobalSection(ExtensibilityGlobals) = postSolution
		SolutionGuid = {53496D34-63D1-473B-90F8-AB924D9708FD}
	EndGlobalSection
EndGlobal
